
Microsoft Visual Studio Solution File, Format Version 12.00
# Visual Studio Version 17
VisualStudioVersion = 17.13.35825.156 d17.13
MinimumVisualStudioVersion = 10.0.40219.1
Project("{FAE04EC0-301F-11D3-BF4B-00C04F79EFBC}") = "KpDataLoader", "KpDataLoader\KpDataLoader.csproj", "{AA4286F1-3985-4845-A214-8FF9B75C84EF}"
EndProject
Global
	GlobalSection(SolutionConfigurationPlatforms) = preSolution
		Debug|Any CPU = Debug|Any CPU
		Release|Any CPU = Release|Any CPU
	EndGlobalSection
	GlobalSection(ProjectConfigurationPlatforms) = postSolution
		{AA4286F1-3985-4845-A214-8FF9B75C84EF}.Debug|Any CPU.ActiveCfg = Debug|Any CPU
		{AA4286F1-3985-4845-A214-8FF9B75C84EF}.Debug|Any CPU.Build.0 = Debug|Any CPU
		{AA4286F1-3985-4845-A214-8FF9B75C84EF}.Release|Any CPU.ActiveCfg = Release|Any CPU
		{AA4286F1-3985-4845-A214-8FF9B75C84EF}.Release|Any CPU.Build.0 = Release|Any CPU
	EndGlobalSection
	GlobalSection(SolutionProperties) = preSolution
		HideSolutionNode = FALSE
	EndGlobalSection
	GlobalSection(ExtensibilityGlobals) = postSolution
		SolutionGuid = {82F8B8AA-9066-4028-B0FA-823E1A6C21FA}
	EndGlobalSection
EndGlobal
